{
  "name": "second_server",
  "version": "1.0.0",
  "lockfileVersion": 2,
  "requires": true,
  "packages": {
    "": {
      "name": "second_server",
      "version": "1.0.0",
      "license": "ISC",
      "dependencies": {
        "htp": "^0.13.0",
        "http": "^0.0.1-security",
        "http-status-codes": "^1.4.0"
      }
    },
    "node_modules/dns-agent": {
      "version": "0.1.1",
      "resolved": "https://registry.npmjs.org/dns-agent/-/dns-agent-0.1.1.tgz",
      "integrity": "sha512-Q4uAscnolJuhk+ntcBYS8qSUpzH7rNwEApU7IHPDs+sk0GeDbTnb0MHib1BxG1b3AUrLmDccYv2+AEbb4H6qqw==",
      "dependencies": {
        "jinang": "^0.21.0"
      },
      "engines": {
        "node": ">=6"
      }
    },
    "node_modules/htp": {
      "version": "0.13.0",
      "resolved": "https://registry.npmjs.org/htp/-/htp-0.13.0.tgz",
      "integrity": "sha512-XWWy4nDneQXegGTNjZksX9zoK/ftp4eUYjwH+hpLeZpUE0esGIGwStyvaxnHtxLiQ2YbWxkv4Onp1RmvVZldcA==",
      "dependencies": {
        "dns-agent": "^0.1.1",
        "if2": "^0.2.0",
        "jinang": "^0.21.0",
        "mime-db": "^1.47.0",
        "overload2": "^0.3.1"
      },
      "engines": {
        "node": ">=6"
      }
    },
    "node_modules/http": {
      "version": "0.0.1-security",
      "resolved": "https://registry.npmjs.org/http/-/http-0.0.1-security.tgz",
      "integrity": "sha512-RnDvP10Ty9FxqOtPZuxtebw1j4L/WiqNMDtuc1YMH1XQm5TgDRaR1G9u8upL6KD1bXHSp9eSXo/ED+8Q7FAr+g=="
    },
    "node_modules/http-status-codes": {
      "version": "1.4.0",
      "resolved": "https://registry.npmjs.org/http-status-codes/-/http-status-codes-1.4.0.tgz",
      "integrity": "sha512-JrT3ua+WgH8zBD3HEJYbeEgnuQaAnUeRRko/YojPAJjGmIfGD3KPU/asLdsLwKjfxOmQe5nXMQ0pt/7MyapVbQ=="
    },
    "node_modules/if2": {
      "version": "0.2.0",
      "resolved": "https://registry.npmjs.org/if2/-/if2-0.2.0.tgz",
      "integrity": "sha1-Ipg0BjQTzXDlL56DEMxVZJWzSyw="
    },
    "node_modules/jinang": {
      "version": "0.21.0",
      "resolved": "https://registry.npmjs.org/jinang/-/jinang-0.21.0.tgz",
      "integrity": "sha512-tzeQHN5tazMG9t+hZUXxmXMYbZBsQHHnFf0uzb4Smktk7/rNCDsxblQdujoCQIxsFj7EVuya/YBYx9INkMEc5A==",
      "dependencies": {
        "noda": "^0.1.2"
      },
      "engines": {
        "node": ">=6"
      }
    },
    "node_modules/mime-db": {
      "version": "1.51.0",
      "resolved": "https://registry.npmjs.org/mime-db/-/mime-db-1.51.0.tgz",
      "integrity": "sha512-5y8A56jg7XVQx2mbv1lu49NR4dokRnhZYTtL+KGfaa27uq4pSTXkwQkFJl4pkRMyNFz/EtYDSkiiEHx3F7UN6g==",
      "engines": {
        "node": ">= 0.6"
      }
    },
    "node_modules/noda": {
      "version": "0.1.2",
      "resolved": "https://registry.npmjs.org/noda/-/noda-0.1.2.tgz",
      "integrity": "sha1-bDr9YHLECqzyLb9UFQ3tFJmVtso="
    },
    "node_modules/overload2": {
      "version": "0.3.2",
      "resolved": "https://registry.npmjs.org/overload2/-/overload2-0.3.2.tgz",
      "integrity": "sha512-sYruUOyucFVpHj1gj27ZsNAflPsY+CToLoaJ9NSiTvDiD44cDSIELEIG2Xe18n+U6kpSXfOxhs+Y6prdhz5Etw=="
    }
  },
  "dependencies": {
    "dns-agent": {
      "version": "0.1.1",
      "resolved": "https://registry.npmjs.org/dns-agent/-/dns-agent-0.1.1.tgz",
      "integrity": "sha512-Q4uAscnolJuhk+ntcBYS8qSUpzH7rNwEApU7IHPDs+sk0GeDbTnb0MHib1BxG1b3AUrLmDccYv2+AEbb4H6qqw==",
      "requires": {
        "jinang": "^0.21.0"
      }
    },
    "htp": {
      "version": "0.13.0",
      "resolved": "https://registry.npmjs.org/htp/-/htp-0.13.0.tgz",
      "integrity": "sha512-XWWy4nDneQXegGTNjZksX9zoK/ftp4eUYjwH+hpLeZpUE0esGIGwStyvaxnHtxLiQ2YbWxkv4Onp1RmvVZldcA==",
      "requires": {
        "dns-agent": "^0.1.1",
        "if2": "^0.2.0",
        "jinang": "^0.21.0",
        "mime-db": "^1.47.0",
        "overload2": "^0.3.1"
      }
    },
    "http": {
      "version": "0.0.1-security",
      "resolved": "https://registry.npmjs.org/http/-/http-0.0.1-security.tgz",
      "integrity": "sha512-RnDvP10Ty9FxqOtPZuxtebw1j4L/WiqNMDtuc1YMH1XQm5TgDRaR1G9u8upL6KD1bXHSp9eSXo/ED+8Q7FAr+g=="
    },
    "http-status-codes": {
      "version": "1.4.0",
      "resolved": "https://registry.npmjs.org/http-status-codes/-/http-status-codes-1.4.0.tgz",
      "integrity": "sha512-JrT3ua+WgH8zBD3HEJYbeEgnuQaAnUeRRko/YojPAJjGmIfGD3KPU/asLdsLwKjfxOmQe5nXMQ0pt/7MyapVbQ=="
    },
    "if2": {
      "version": "0.2.0",
      "resolved": "https://registry.npmjs.org/if2/-/if2-0.2.0.tgz",
      "integrity": "sha1-Ipg0BjQTzXDlL56DEMxVZJWzSyw="
    },
    "jinang": {
      "version": "0.21.0",
      "resolved": "https://registry.npmjs.org/jinang/-/jinang-0.21.0.tgz",
      "integrity": "sha512-tzeQHN5tazMG9t+hZUXxmXMYbZBsQHHnFf0uzb4Smktk7/rNCDsxblQdujoCQIxsFj7EVuya/YBYx9INkMEc5A==",
      "requires": {
        "noda": "^0.1.2"
      }
    },
    "mime-db": {
      "version": "1.51.0",
      "resolved": "https://registry.npmjs.org/mime-db/-/mime-db-1.51.0.tgz",
      "integrity": "sha512-5y8A56jg7XVQx2mbv1lu49NR4dokRnhZYTtL+KGfaa27uq4pSTXkwQkFJl4pkRMyNFz/EtYDSkiiEHx3F7UN6g=="
    },
    "noda": {
      "version": "0.1.2",
      "resolved": "https://registry.npmjs.org/noda/-/noda-0.1.2.tgz",
      "integrity": "sha1-bDr9YHLECqzyLb9UFQ3tFJmVtso="
    },
    "overload2": {
      "version": "0.3.2",
      "resolved": "https://registry.npmjs.org/overload2/-/overload2-0.3.2.tgz",
      "integrity": "sha512-sYruUOyucFVpHj1gj27ZsNAflPsY+CToLoaJ9NSiTvDiD44cDSIELEIG2Xe18n+U6kpSXfOxhs+Y6prdhz5Etw=="
    }
  }
}
